<?xml version="1.0" encoding="utf-8"?>
<Project ToolsVersion="4.0" xmlns="http://schemas.microsoft.com/developer/msbuild/2003">
  <ItemGroup>
    <Filter Include="Algorithm">
      <UniqueIdentifier>{46a7f0ca-6e88-4525-91ef-eed6d7f10c1e}</UniqueIdentifier>
    </Filter>
    <Filter Include="Algorithm\Queue">
      <UniqueIdentifier>{d76a1d6b-32ad-480e-9e65-f478cd55eee2}</UniqueIdentifier>
    </Filter>
    <Filter Include="Algorithm\Programmers">
      <UniqueIdentifier>{dbc674f3-29ef-491c-a1fe-415a93a74926}</UniqueIdentifier>
    </Filter>
    <Filter Include="Algorithm\Programmers\Basics">
      <UniqueIdentifier>{1ec871d3-0598-40f3-90f5-2c4677557b14}</UniqueIdentifier>
    </Filter>
    <Filter Include="Algorithm\Sorts">
      <UniqueIdentifier>{59a89ecd-3030-4885-8594-bbafd87e106f}</UniqueIdentifier>
    </Filter>
    <Filter Include="Algorithm\Sorts\Bubbles">
      <UniqueIdentifier>{acc5802b-3741-4084-ad4e-aef656fc68f9}</UniqueIdentifier>
    </Filter>
  </ItemGroup>
  <ItemGroup>
    <Text Include="input.txt" />
    <Text Include="output.txt" />
    <Text Include="Programmers\Basics\PM_수 조작하기2.txt">
      <Filter>Algorithm\Programmers\Basics</Filter>
    </Text>
    <Text Include="..\..\C++문법 및 종합.txt" />
  </ItemGroup>
  <ItemGroup>
    <ClCompile Include="Algorithm\Queue\Boj11286_절댓값힙구하기.cpp">
      <Filter>Algorithm\Queue</Filter>
    </ClCompile>
    <ClCompile Include="Programmers\Basics\PM_수 조작하기2.cpp">
      <Filter>Algorithm\Programmers\Basics</Filter>
    </ClCompile>
    <ClCompile Include="BOJ2750_수 정렬하기1.cpp">
      <Filter>Algorithm\Sorts\Bubbles</Filter>
    </ClCompile>
  </ItemGroup>
</Project>