<?xml version="1.0" encoding="utf-8"?>
<Project ToolsVersion="4.0" xmlns="http://schemas.microsoft.com/developer/msbuild/2003">
  <ItemGroup>
    <Filter Include="cup_codeUP_100">
      <UniqueIdentifier>{99d4aee1-2e8d-40c1-b19b-85b7c8c9a26e}</UniqueIdentifier>
      <Extensions>cup_</Extensions>
    </Filter>
  </ItemGroup>
  <ItemGroup>
    <ClCompile Include="Basic_100\cup_1005.cpp">
      <Filter>cup_codeUP_100</Filter>
    </ClCompile>
    <ClCompile Include="Basic_100\cup_1006.cpp">
      <Filter>cup_codeUP_100</Filter>
    </ClCompile>
    <ClCompile Include="Basic_100\cup_1007.cpp">
      <Filter>cup_codeUP_100</Filter>
    </ClCompile>
    <ClCompile Include="Basic_100\cup_1008.cpp">
      <Filter>cup_codeUP_100</Filter>
    </ClCompile>
  </ItemGroup>
</Project>