<?xml version="1.0" encoding="utf-8"?>
<Project ToolsVersion="4.0" xmlns="http://schemas.microsoft.com/developer/msbuild/2003">
  <ItemGroup>
    <Filter Include="cup_codeUP_100">
      <UniqueIdentifier>{99d4aee1-2e8d-40c1-b19b-85b7c8c9a26e}</UniqueIdentifier>
      <Extensions>cup_</Extensions>
    </Filter>
  </ItemGroup>
  <ItemGroup>
    <ClCompile Include="Basic_100\cup_1005.cpp">
      <Filter>cup_codeUP_100</Filter>
    </ClCompile>
    <ClCompile Include="Basic_100\cup_1006.cpp">
      <Filter>cup_codeUP_100</Filter>
    </ClCompile>
    <ClCompile Include="Basic_100\cup_1007.cpp">
      <Filter>cup_codeUP_100</Filter>
    </ClCompile>
    <ClCompile Include="Basic_100\cup_1008.cpp">
      <Filter>cup_codeUP_100</Filter>
    </ClCompile>
    <ClCompile Include="cup_1010.cpp">
      <Filter>cup_codeUP_100</Filter>
    </ClCompile>
    <ClCompile Include="cup_1011.cpp">
      <Filter>cup_codeUP_100</Filter>
    </ClCompile>
    <ClCompile Include="cup_1012.cpp">
      <Filter>cup_codeUP_100</Filter>
    </ClCompile>
    <ClCompile Include="cup_1013.cpp">
      <Filter>cup_codeUP_100</Filter>
    </ClCompile>
    <ClCompile Include="cup_1021.cpp" />
    <ClCompile Include="cup_1022.cpp" />
    <ClCompile Include="cup_1023.cpp" />
    <ClCompile Include="cup_1024.cpp" />
    <ClCompile Include="cup_1025.cpp" />
    <ClCompile Include="cup_1026.cpp" />
    <ClCompile Include="cup_1027.cpp" />
    <ClCompile Include="cup_1028.cpp" />
    <ClCompile Include="cup_1029.cpp" />
    <ClCompile Include="cup_1030.cpp" />
    <ClCompile Include="cup_1031.cpp" />
    <ClCompile Include="cup_1032.cpp" />
    <ClCompile Include="cup_1033.cpp" />
    <ClCompile Include="cup_1034.cpp" />
    <ClCompile Include="cup_1035.cpp" />
    <ClCompile Include="cup_1036.cpp" />
    <ClCompile Include="cup_1037.cpp" />
    <ClCompile Include="cup_1038.cpp" />
    <ClCompile Include="cup_1039.cpp" />
    <ClCompile Include="cup_1040.cpp" />
    <ClCompile Include="cup_1041.cpp" />
    <ClCompile Include="cup_1042.cpp" />
    <ClCompile Include="cup_1043.cpp" />
    <ClCompile Include="cup_1044.cpp" />
    <ClCompile Include="cup_1045.cpp" />
    <ClCompile Include="cup_1046.cpp" />
    <ClCompile Include="cup_1047.cpp" />
    <ClCompile Include="cup_1048.cpp" />
    <ClCompile Include="cup_1049.cpp" />
    <ClCompile Include="cup_1050.cpp" />
    <ClCompile Include="cup_1051.cpp" />
    <ClCompile Include="cup_1052.cpp" />
    <ClCompile Include="cup_1053.cpp" />
  </ItemGroup>
</Project>